github.com/vmware-tanzu/graph-framework-for-microservices/nexus v0.0.0-20230109084100-65931d1f8a32 h1:hOXi9xT6evW1um+yQVgGdg4Cx0YTaysl9Tnh+N3MkXs=
github.com/vmware-tanzu/graph-framework-for-microservices/nexus v0.0.0-20230109084100-65931d1f8a32/go.mod h1:lDbjxzdIhK1mps93PuAyqX4LOWC6NhgoMaa4kzjZTgA=
