github.com/vmware-tanzu/graph-framework-for-microservices/nexus v0.0.0-20221212164212-819bb2b13a73 h1:PyHfTcDocRN9/0qiMqisWT74vBY602eCxucJX59Qbds=
github.com/vmware-tanzu/graph-framework-for-microservices/nexus v0.0.0-20221212164212-819bb2b13a73/go.mod h1:lDbjxzdIhK1mps93PuAyqX4LOWC6NhgoMaa4kzjZTgA=
