github.com/vmware-tanzu/graph-framework-for-microservices/nexus v0.0.0-20221102113628-fc41317445f4 h1:gJAUzyyHYkG6SWSLl/1Dt8hBzwldnpwXTZvFnPV4/IQ=
github.com/vmware-tanzu/graph-framework-for-microservices/nexus v0.0.0-20221102113628-fc41317445f4/go.mod h1:lDbjxzdIhK1mps93PuAyqX4LOWC6NhgoMaa4kzjZTgA=
